{
  "name": "minecraft-starter",
  "lockfileVersion": 3,
  "requires": true,
  "packages": {
    "": {
      "devDependencies": {
        "@types/offscreen-canvas": "^0.1.5"
      }
    },
    "node_modules/@types/offscreen-canvas": {
      "version": "0.1.5",
      "resolved": "https://registry.npmjs.org/@types/offscreen-canvas/-/offscreen-canvas-0.1.5.tgz",
      "integrity": "sha512-P0y/YH/OSjq7+w92oJ2ogox7xMI9jvUK2xPYNZ15ySgMrGCmS/yrLigbyscRbG+kYfLaN40g5h7hEJsQbkXC1w==",
      "dev": true,
      "license": "MIT"
    }
  }
}
